// !$*UTF8*$!
{
	archiveVersion = 1;
	classes = {
	};
	objectVersion = 56;
	objects = {

/* Begin PBXBuildFile section */
		B7704DBD2AB16D7500B9A4B4 /* BoardView.swift in Sources */ = {isa = PBXBuildFile; fileRef = B7704DBC2AB16D7500B9A4B4 /* BoardView.swift */; };
		B77824152AAF82F1007DCDC3 /* KanswiftApp.swift in Sources */ = {isa = PBXBuildFile; fileRef = B77824142AAF82F1007DCDC3 /* KanswiftApp.swift */; };
		B77824172AAF82F1007DCDC3 /* ContentView.swift in Sources */ = {isa = PBXBuildFile; fileRef = B77824162AAF82F1007DCDC3 /* ContentView.swift */; };
		B77824192AAF82F1007DCDC3 /* Card.swift in Sources */ = {isa = PBXBuildFile; fileRef = B77824182AAF82F1007DCDC3 /* Card.swift */; };
		B778241B2AAF82F3007DCDC3 /* Assets.xcassets in Resources */ = {isa = PBXBuildFile; fileRef = B778241A2AAF82F3007DCDC3 /* Assets.xcassets */; };
		B778241E2AAF82F3007DCDC3 /* Preview Assets.xcassets in Resources */ = {isa = PBXBuildFile; fileRef = B778241D2AAF82F3007DCDC3 /* Preview Assets.xcassets */; };
		B778242C2AAFC54F007DCDC3 /* CardEditorView.swift in Sources */ = {isa = PBXBuildFile; fileRef = B778242B2AAFC54F007DCDC3 /* CardEditorView.swift */; };
		B7A6DCA82AB031AA00A7C03B /* CardView.swift in Sources */ = {isa = PBXBuildFile; fileRef = B7A6DCA72AB031AA00A7C03B /* CardView.swift */; };
		B7CAADC32AB24D9B007838A5 /* Board.swift in Sources */ = {isa = PBXBuildFile; fileRef = B7CAADC22AB24D9B007838A5 /* Board.swift */; };
		B7CAADC52AB24ECD007838A5 /* BoardEditorView.swift in Sources */ = {isa = PBXBuildFile; fileRef = B7CAADC42AB24ECD007838A5 /* BoardEditorView.swift */; };
		B7FAF53E2AB6EBFA00212A78 /* StatusMenu.swift in Sources */ = {isa = PBXBuildFile; fileRef = B7FAF53D2AB6EBFA00212A78 /* StatusMenu.swift */; };
/* End PBXBuildFile section */

/* Begin PBXFileReference section */
		B7704DBC2AB16D7500B9A4B4 /* BoardView.swift */ = {isa = PBXFileReference; lastKnownFileType = sourcecode.swift; path = BoardView.swift; sourceTree = "<group>"; };
		B77824112AAF82F1007DCDC3 /* Kanswift.app */ = {isa = PBXFileReference; explicitFileType = wrapper.application; includeInIndex = 0; path = Kanswift.app; sourceTree = BUILT_PRODUCTS_DIR; };
		B77824142AAF82F1007DCDC3 /* KanswiftApp.swift */ = {isa = PBXFileReference; lastKnownFileType = sourcecode.swift; path = KanswiftApp.swift; sourceTree = "<group>"; };
		B77824162AAF82F1007DCDC3 /* ContentView.swift */ = {isa = PBXFileReference; lastKnownFileType = sourcecode.swift; path = ContentView.swift; sourceTree = "<group>"; };
		B77824182AAF82F1007DCDC3 /* Card.swift */ = {isa = PBXFileReference; lastKnownFileType = sourcecode.swift; path = Card.swift; sourceTree = "<group>"; };
		B778241A2AAF82F3007DCDC3 /* Assets.xcassets */ = {isa = PBXFileReference; lastKnownFileType = folder.assetcatalog; path = Assets.xcassets; sourceTree = "<group>"; };
		B778241D2AAF82F3007DCDC3 /* Preview Assets.xcassets */ = {isa = PBXFileReference; lastKnownFileType = folder.assetcatalog; path = "Preview Assets.xcassets"; sourceTree = "<group>"; };
		B778241F2AAF82F3007DCDC3 /* Kanswift.entitlements */ = {isa = PBXFileReference; lastKnownFileType = text.plist.entitlements; path = Kanswift.entitlements; sourceTree = "<group>"; };
		B778242B2AAFC54F007DCDC3 /* CardEditorView.swift */ = {isa = PBXFileReference; lastKnownFileType = sourcecode.swift; path = CardEditorView.swift; sourceTree = "<group>"; };
		B7A6DCA72AB031AA00A7C03B /* CardView.swift */ = {isa = PBXFileReference; lastKnownFileType = sourcecode.swift; path = CardView.swift; sourceTree = "<group>"; };
		B7CAADC22AB24D9B007838A5 /* Board.swift */ = {isa = PBXFileReference; lastKnownFileType = sourcecode.swift; path = Board.swift; sourceTree = "<group>"; };
		B7CAADC42AB24ECD007838A5 /* BoardEditorView.swift */ = {isa = PBXFileReference; lastKnownFileType = sourcecode.swift; path = BoardEditorView.swift; sourceTree = "<group>"; };
		B7FAF53D2AB6EBFA00212A78 /* StatusMenu.swift */ = {isa = PBXFileReference; lastKnownFileType = sourcecode.swift; path = StatusMenu.swift; sourceTree = "<group>"; };
/* End PBXFileReference section */

/* Begin PBXFrameworksBuildPhase section */
		B778240E2AAF82F1007DCDC3 /* Frameworks */ = {
			isa = PBXFrameworksBuildPhase;
			buildActionMask = 2147483647;
			files = (
			);
			runOnlyForDeploymentPostprocessing = 0;
		};
/* End PBXFrameworksBuildPhase section */

/* Begin PBXGroup section */
		B77824082AAF82F1007DCDC3 = {
			isa = PBXGroup;
			children = (
				B77824132AAF82F1007DCDC3 /* Kanswift */,
				B77824122AAF82F1007DCDC3 /* Products */,
			);
			sourceTree = "<group>";
		};
		B77824122AAF82F1007DCDC3 /* Products */ = {
			isa = PBXGroup;
			children = (
				B77824112AAF82F1007DCDC3 /* Kanswift.app */,
			);
			name = Products;
			sourceTree = "<group>";
		};
		B77824132AAF82F1007DCDC3 /* Kanswift */ = {
			isa = PBXGroup;
			children = (
				B7ED2C3C2AB03CF300E7C5D9 /* Views */,
				B7ED2C3B2AB03CDB00E7C5D9 /* Model */,
				B77824142AAF82F1007DCDC3 /* KanswiftApp.swift */,
				B778241A2AAF82F3007DCDC3 /* Assets.xcassets */,
				B778241F2AAF82F3007DCDC3 /* Kanswift.entitlements */,
				B778241C2AAF82F3007DCDC3 /* Preview Content */,
			);
			path = Kanswift;
			sourceTree = "<group>";
		};
		B778241C2AAF82F3007DCDC3 /* Preview Content */ = {
			isa = PBXGroup;
			children = (
				B778241D2AAF82F3007DCDC3 /* Preview Assets.xcassets */,
			);
			path = "Preview Content";
			sourceTree = "<group>";
		};
		B7ED2C3B2AB03CDB00E7C5D9 /* Model */ = {
			isa = PBXGroup;
			children = (
				B77824182AAF82F1007DCDC3 /* Card.swift */,
				B7CAADC22AB24D9B007838A5 /* Board.swift */,
			);
			path = Model;
			sourceTree = "<group>";
		};
		B7ED2C3C2AB03CF300E7C5D9 /* Views */ = {
			isa = PBXGroup;
			children = (
				B77824162AAF82F1007DCDC3 /* ContentView.swift */,
				B7A6DCA72AB031AA00A7C03B /* CardView.swift */,
				B778242B2AAFC54F007DCDC3 /* CardEditorView.swift */,
				B7704DBC2AB16D7500B9A4B4 /* BoardView.swift */,
				B7CAADC42AB24ECD007838A5 /* BoardEditorView.swift */,
				B7FAF53D2AB6EBFA00212A78 /* StatusMenu.swift */,
			);
			path = Views;
			sourceTree = "<group>";
		};
/* End PBXGroup section */

/* Begin PBXNativeTarget section */
		B77824102AAF82F1007DCDC3 /* Kanswift */ = {
			isa = PBXNativeTarget;
			buildConfigurationList = B77824222AAF82F3007DCDC3 /* Build configuration list for PBXNativeTarget "Kanswift" */;
			buildPhases = (
				B778240D2AAF82F1007DCDC3 /* Sources */,
				B778240E2AAF82F1007DCDC3 /* Frameworks */,
				B778240F2AAF82F1007DCDC3 /* Resources */,
			);
			buildRules = (
			);
			dependencies = (
			);
			name = Kanswift;
			productName = Kanswift;
			productReference = B77824112AAF82F1007DCDC3 /* Kanswift.app */;
			productType = "com.apple.product-type.application";
		};
/* End PBXNativeTarget section */

/* Begin PBXProject section */
		B77824092AAF82F1007DCDC3 /* Project object */ = {
			isa = PBXProject;
			attributes = {
				BuildIndependentTargetsInParallel = 1;
				LastSwiftUpdateCheck = 1500;
				LastUpgradeCheck = 1500;
				TargetAttributes = {
					B77824102AAF82F1007DCDC3 = {
						CreatedOnToolsVersion = 15.0;
					};
				};
			};
			buildConfigurationList = B778240C2AAF82F1007DCDC3 /* Build configuration list for PBXProject "Kanswift" */;
			compatibilityVersion = "Xcode 14.0";
			developmentRegion = en;
			hasScannedForEncodings = 0;
			knownRegions = (
				en,
				Base,
			);
			mainGroup = B77824082AAF82F1007DCDC3;
			productRefGroup = B77824122AAF82F1007DCDC3 /* Products */;
			projectDirPath = "";
			projectRoot = "";
			targets = (
				B77824102AAF82F1007DCDC3 /* Kanswift */,
			);
		};
/* End PBXProject section */

/* Begin PBXResourcesBuildPhase section */
		B778240F2AAF82F1007DCDC3 /* Resources */ = {
			isa = PBXResourcesBuildPhase;
			buildActionMask = 2147483647;
			files = (
				B778241E2AAF82F3007DCDC3 /* Preview Assets.xcassets in Resources */,
				B778241B2AAF82F3007DCDC3 /* Assets.xcassets in Resources */,
			);
			runOnlyForDeploymentPostprocessing = 0;
		};
/* End PBXResourcesBuildPhase section */

/* Begin PBXSourcesBuildPhase section */
		B778240D2AAF82F1007DCDC3 /* Sources */ = {
			isa = PBXSourcesBuildPhase;
			buildActionMask = 2147483647;
			files = (
				B77824172AAF82F1007DCDC3 /* ContentView.swift in Sources */,
				B7FAF53E2AB6EBFA00212A78 /* StatusMenu.swift in Sources */,
				B778242C2AAFC54F007DCDC3 /* CardEditorView.swift in Sources */,
				B7CAADC52AB24ECD007838A5 /* BoardEditorView.swift in Sources */,
				B7704DBD2AB16D7500B9A4B4 /* BoardView.swift in Sources */,
				B77824192AAF82F1007DCDC3 /* Card.swift in Sources */,
				B7CAADC32AB24D9B007838A5 /* Board.swift in Sources */,
				B77824152AAF82F1007DCDC3 /* KanswiftApp.swift in Sources */,
				B7A6DCA82AB031AA00A7C03B /* CardView.swift in Sources */,
			);
			runOnlyForDeploymentPostprocessing = 0;
		};
/* End PBXSourcesBuildPhase section */

/* Begin XCBuildConfiguration section */
		B77824202AAF82F3007DCDC3 /* Debug */ = {
			isa = XCBuildConfiguration;
			buildSettings = {
				ALWAYS_SEARCH_USER_PATHS = NO;
				ASSETCATALOG_COMPILER_GENERATE_SWIFT_ASSET_SYMBOL_EXTENSIONS = YES;
				CLANG_ANALYZER_NONNULL = YES;
				CLANG_ANALYZER_NUMBER_OBJECT_CONVERSION = YES_AGGRESSIVE;
				CLANG_CXX_LANGUAGE_STANDARD = "gnu++20";
				CLANG_ENABLE_MODULES = YES;
				CLANG_ENABLE_OBJC_ARC = YES;
				CLANG_ENABLE_OBJC_WEAK = YES;
				CLANG_WARN_BLOCK_CAPTURE_AUTORELEASING = YES;
				CLANG_WARN_BOOL_CONVERSION = YES;
				CLANG_WARN_COMMA = YES;
				CLANG_WARN_CONSTANT_CONVERSION = YES;
				CLANG_WARN_DEPRECATED_OBJC_IMPLEMENTATIONS = YES;
				CLANG_WARN_DIRECT_OBJC_ISA_USAGE = YES_ERROR;
				CLANG_WARN_DOCUMENTATION_COMMENTS = YES;
				CLANG_WARN_EMPTY_BODY = YES;
				CLANG_WARN_ENUM_CONVERSION = YES;
				CLANG_WARN_INFINITE_RECURSION = YES;
				CLANG_WARN_INT_CONVERSION = YES;
				CLANG_WARN_NON_LITERAL_NULL_CONVERSION = YES;
				CLANG_WARN_OBJC_IMPLICIT_RETAIN_SELF = YES;
				CLANG_WARN_OBJC_LITERAL_CONVERSION = YES;
				CLANG_WARN_OBJC_ROOT_CLASS = YES_ERROR;
				CLANG_WARN_QUOTED_INCLUDE_IN_FRAMEWORK_HEADER = YES;
				CLANG_WARN_RANGE_LOOP_ANALYSIS = YES;
				CLANG_WARN_STRICT_PROTOTYPES = YES;
				CLANG_WARN_SUSPICIOUS_MOVE = YES;
				CLANG_WARN_UNGUARDED_AVAILABILITY = YES_AGGRESSIVE;
				CLANG_WARN_UNREACHABLE_CODE = YES;
				CLANG_WARN__DUPLICATE_METHOD_MATCH = YES;
				COPY_PHASE_STRIP = NO;
				DEBUG_INFORMATION_FORMAT = dwarf;
				ENABLE_STRICT_OBJC_MSGSEND = YES;
				ENABLE_TESTABILITY = YES;
				ENABLE_USER_SCRIPT_SANDBOXING = YES;
				GCC_C_LANGUAGE_STANDARD = gnu17;
				GCC_DYNAMIC_NO_PIC = NO;
				GCC_NO_COMMON_BLOCKS = YES;
				GCC_OPTIMIZATION_LEVEL = 0;
				GCC_PREPROCESSOR_DEFINITIONS = (
					"DEBUG=1",
					"$(inherited)",
				);
				GCC_WARN_64_TO_32_BIT_CONVERSION = YES;
				GCC_WARN_ABOUT_RETURN_TYPE = YES_ERROR;
				GCC_WARN_UNDECLARED_SELECTOR = YES;
				GCC_WARN_UNINITIALIZED_AUTOS = YES_AGGRESSIVE;
				GCC_WARN_UNUSED_FUNCTION = YES;
				GCC_WARN_UNUSED_VARIABLE = YES;
				LOCALIZATION_PREFERS_STRING_CATALOGS = YES;
				MACOSX_DEPLOYMENT_TARGET = 14.0;
				MTL_ENABLE_DEBUG_INFO = INCLUDE_SOURCE;
				MTL_FAST_MATH = YES;
				ONLY_ACTIVE_ARCH = YES;
				SDKROOT = macosx;
				SWIFT_ACTIVE_COMPILATION_CONDITIONS = "DEBUG $(inherited)";
				SWIFT_OPTIMIZATION_LEVEL = "-Onone";
			};
			name = Debug;
		};
		B77824212AAF82F3007DCDC3 /* Release */ = {
			isa = XCBuildConfiguration;
			buildSettings = {
				ALWAYS_SEARCH_USER_PATHS = NO;
				ASSETCATALOG_COMPILER_GENERATE_SWIFT_ASSET_SYMBOL_EXTENSIONS = YES;
				CLANG_ANALYZER_NONNULL = YES;
				CLANG_ANALYZER_NUMBER_OBJECT_CONVERSION = YES_AGGRESSIVE;
				CLANG_CXX_LANGUAGE_STANDARD = "gnu++20";
				CLANG_ENABLE_MODULES = YES;
				CLANG_ENABLE_OBJC_ARC = YES;
				CLANG_ENABLE_OBJC_WEAK = YES;
				CLANG_WARN_BLOCK_CAPTURE_AUTORELEASING = YES;
				CLANG_WARN_BOOL_CONVERSION = YES;
				CLANG_WARN_COMMA = YES;
				CLANG_WARN_CONSTANT_CONVERSION = YES;
				CLANG_WARN_DEPRECATED_OBJC_IMPLEMENTATIONS = YES;
				CLANG_WARN_DIRECT_OBJC_ISA_USAGE = YES_ERROR;
				CLANG_WARN_DOCUMENTATION_COMMENTS = YES;
				CLANG_WARN_EMPTY_BODY = YES;
				CLANG_WARN_ENUM_CONVERSION = YES;
				CLANG_WARN_INFINITE_RECURSION = YES;
				CLANG_WARN_INT_CONVERSION = YES;
				CLANG_WARN_NON_LITERAL_NULL_CONVERSION = YES;
				CLANG_WARN_OBJC_IMPLICIT_RETAIN_SELF = YES;
				CLANG_WARN_OBJC_LITERAL_CONVERSION = YES;
				CLANG_WARN_OBJC_ROOT_CLASS = YES_ERROR;
				CLANG_WARN_QUOTED_INCLUDE_IN_FRAMEWORK_HEADER = YES;
				CLANG_WARN_RANGE_LOOP_ANALYSIS = YES;
				CLANG_WARN_STRICT_PROTOTYPES = YES;
				CLANG_WARN_SUSPICIOUS_MOVE = YES;
				CLANG_WARN_UNGUARDED_AVAILABILITY = YES_AGGRESSIVE;
				CLANG_WARN_UNREACHABLE_CODE = YES;
				CLANG_WARN__DUPLICATE_METHOD_MATCH = YES;
				COPY_PHASE_STRIP = NO;
				DEBUG_INFORMATION_FORMAT = "dwarf-with-dsym";
				ENABLE_NS_ASSERTIONS = NO;
				ENABLE_STRICT_OBJC_MSGSEND = YES;
				ENABLE_USER_SCRIPT_SANDBOXING = YES;
				GCC_C_LANGUAGE_STANDARD = gnu17;
				GCC_NO_COMMON_BLOCKS = YES;
				GCC_WARN_64_TO_32_BIT_CONVERSION = YES;
				GCC_WARN_ABOUT_RETURN_TYPE = YES_ERROR;
				GCC_WARN_UNDECLARED_SELECTOR = YES;
				GCC_WARN_UNINITIALIZED_AUTOS = YES_AGGRESSIVE;
				GCC_WARN_UNUSED_FUNCTION = YES;
				GCC_WARN_UNUSED_VARIABLE = YES;
				LOCALIZATION_PREFERS_STRING_CATALOGS = YES;
				MACOSX_DEPLOYMENT_TARGET = 14.0;
				MTL_ENABLE_DEBUG_INFO = NO;
				MTL_FAST_MATH = YES;
				SDKROOT = macosx;
				SWIFT_COMPILATION_MODE = wholemodule;
			};
			name = Release;
		};
		B77824232AAF82F3007DCDC3 /* Debug */ = {
			isa = XCBuildConfiguration;
			buildSettings = {
				ASSETCATALOG_COMPILER_APPICON_NAME = AppIcon;
				ASSETCATALOG_COMPILER_GLOBAL_ACCENT_COLOR_NAME = AccentColor;
				CODE_SIGN_ENTITLEMENTS = Kanswift/Kanswift.entitlements;
				CODE_SIGN_STYLE = Automatic;
				COMBINE_HIDPI_IMAGES = YES;
				CURRENT_PROJECT_VERSION = 1;
				DEVELOPMENT_ASSET_PATHS = "\"Kanswift/Preview Content\"";
				DEVELOPMENT_TEAM = 9DB23BX9MM;
				ENABLE_HARDENED_RUNTIME = YES;
				ENABLE_PREVIEWS = YES;
				GENERATE_INFOPLIST_FILE = YES;
				INFOPLIST_KEY_NSHumanReadableCopyright = "";
				LD_RUNPATH_SEARCH_PATHS = (
					"$(inherited)",
					"@executable_path/../Frameworks",
				);
				MACOSX_DEPLOYMENT_TARGET = 14.0;
				MARKETING_VERSION = 1.0;
				PRODUCT_BUNDLE_IDENTIFIER = kadinsayani.Kanswift;
				PRODUCT_NAME = "$(TARGET_NAME)";
				SWIFT_EMIT_LOC_STRINGS = YES;
				SWIFT_VERSION = 5.0;
			};
			name = Debug;
		};
		B77824242AAF82F3007DCDC3 /* Release */ = {
			isa = XCBuildConfiguration;
			buildSettings = {
				ASSETCATALOG_COMPILER_APPICON_NAME = AppIcon;
				ASSETCATALOG_COMPILER_GLOBAL_ACCENT_COLOR_NAME = AccentColor;
				CODE_SIGN_ENTITLEMENTS = Kanswift/Kanswift.entitlements;
				CODE_SIGN_STYLE = Automatic;
				COMBINE_HIDPI_IMAGES = YES;
				CURRENT_PROJECT_VERSION = 1;
				DEVELOPMENT_ASSET_PATHS = "\"Kanswift/Preview Content\"";
				DEVELOPMENT_TEAM = 9DB23BX9MM;
				ENABLE_HARDENED_RUNTIME = YES;
				ENABLE_PREVIEWS = YES;
				GENERATE_INFOPLIST_FILE = YES;
				INFOPLIST_KEY_NSHumanReadableCopyright = "";
				LD_RUNPATH_SEARCH_PATHS = (
					"$(inherited)",
					"@executable_path/../Frameworks",
				);
				MACOSX_DEPLOYMENT_TARGET = 14.0;
				MARKETING_VERSION = 1.0;
				PRODUCT_BUNDLE_IDENTIFIER = kadinsayani.Kanswift;
				PRODUCT_NAME = "$(TARGET_NAME)";
				SWIFT_EMIT_LOC_STRINGS = YES;
				SWIFT_VERSION = 5.0;
			};
			name = Release;
		};
/* End XCBuildConfiguration section */

/* Begin XCConfigurationList section */
		B778240C2AAF82F1007DCDC3 /* Build configuration list for PBXProject "Kanswift" */ = {
			isa = XCConfigurationList;
			buildConfigurations = (
				B77824202AAF82F3007DCDC3 /* Debug */,
				B77824212AAF82F3007DCDC3 /* Release */,
			);
			defaultConfigurationIsVisible = 0;
			defaultConfigurationName = Release;
		};
		B77824222AAF82F3007DCDC3 /* Build configuration list for PBXNativeTarget "Kanswift" */ = {
			isa = XCConfigurationList;
			buildConfigurations = (
				B77824232AAF82F3007DCDC3 /* Debug */,
				B77824242AAF82F3007DCDC3 /* Release */,
			);
			defaultConfigurationIsVisible = 0;
			defaultConfigurationName = Release;
		};
/* End XCConfigurationList section */
	};
	rootObject = B77824092AAF82F1007DCDC3 /* Project object */;
}
